// !$*UTF8*$!
{
	archiveVersion = 1;
	classes = {
	};
	objectVersion = 77;
	objects = {

/* Begin PBXBuildFile section */
		47BBED5A2ECD7DD600DB258D /* Auth in Frameworks */ = {isa = PBXBuildFile; productRef = 47BBED592ECD7DD600DB258D /* Auth */; };
		47BBED5C2ECD7DD600DB258D /* Functions in Frameworks */ = {isa = PBXBuildFile; productRef = 47BBED5B2ECD7DD600DB258D /* Functions */; };
		47BBED5E2ECD7DD600DB258D /* PostgREST in Frameworks */ = {isa = PBXBuildFile; productRef = 47BBED5D2ECD7DD600DB258D /* PostgREST */; };
		47BBED602ECD7DD600DB258D /* Realtime in Frameworks */ = {isa = PBXBuildFile; productRef = 47BBED5F2ECD7DD600DB258D /* Realtime */; };
		47BBED622ECD7DD600DB258D /* Storage in Frameworks */ = {isa = PBXBuildFile; productRef = 47BBED612ECD7DD600DB258D /* Storage */; };
		47BBED642ECD7DD600DB258D /* Supabase in Frameworks */ = {isa = PBXBuildFile; productRef = 47BBED632ECD7DD600DB258D /* Supabase */; settings = {ATTRIBUTES = (Required, ); }; };
/* End PBXBuildFile section */

/* Begin PBXFileReference section */
		47BBED472ECD7B4A00DB258D /* BarberShop.app */ = {isa = PBXFileReference; explicitFileType = wrapper.application; includeInIndex = 0; path = BarberShop.app; sourceTree = BUILT_PRODUCTS_DIR; };
/* End PBXFileReference section */

/* Begin PBXFileSystemSynchronizedBuildFileExceptionSet section */
		477A3E182ED8CC7C0047CAB9 /* Exceptions for "BarberShop" folder in "BarberShop" target */ = {
			isa = PBXFileSystemSynchronizedBuildFileExceptionSet;
			membershipExceptions = (
				Info.plist,
			);
			target = 47BBED462ECD7B4A00DB258D /* BarberShop */;
		};
/* End PBXFileSystemSynchronizedBuildFileExceptionSet section */

/* Begin PBXFileSystemSynchronizedRootGroup section */
		47BB09F32F385B2E006C9AA3 /* testUITests */ = {
			isa = PBXFileSystemSynchronizedRootGroup;
			path = testUITests;
			sourceTree = "<group>";
		};
		47BB09F42F385B69006C9AA3 /* testTests */ = {
			isa = PBXFileSystemSynchronizedRootGroup;
			path = testTests;
			sourceTree = "<group>";
		};
		47BBED492ECD7B4A00DB258D /* BarberShop */ = {
			isa = PBXFileSystemSynchronizedRootGroup;
			exceptions = (
				477A3E182ED8CC7C0047CAB9 /* Exceptions for "BarberShop" folder in "BarberShop" target */,
			);
			path = BarberShop;
			sourceTree = "<group>";
		};
/* End PBXFileSystemSynchronizedRootGroup section */

/* Begin PBXFrameworksBuildPhase section */
		47BBED442ECD7B4A00DB258D /* Frameworks */ = {
			isa = PBXFrameworksBuildPhase;
			buildActionMask = 2147483647;
			files = (
				47BBED5E2ECD7DD600DB258D /* PostgREST in Frameworks */,
				47BBED5C2ECD7DD600DB258D /* Functions in Frameworks */,
				47BBED642ECD7DD600DB258D /* Supabase in Frameworks */,
				47BBED5A2ECD7DD600DB258D /* Auth in Frameworks */,
				47BBED622ECD7DD600DB258D /* Storage in Frameworks */,
				47BBED602ECD7DD600DB258D /* Realtime in Frameworks */,
			);
			runOnlyForDeploymentPostprocessing = 0;
		};
/* End PBXFrameworksBuildPhase section */

/* Begin PBXGroup section */
		47BBED3E2ECD7B4A00DB258D = {
			isa = PBXGroup;
			children = (
				47BB09F42F385B69006C9AA3 /* testTests */,
				47BB09F32F385B2E006C9AA3 /* testUITests */,
				47BBED492ECD7B4A00DB258D /* BarberShop */,
				47BBED482ECD7B4A00DB258D /* Products */,
			);
			sourceTree = "<group>";
		};
		47BBED482ECD7B4A00DB258D /* Products */ = {
			isa = PBXGroup;
			children = (
				47BBED472ECD7B4A00DB258D /* BarberShop.app */,
			);
			name = Products;
			sourceTree = "<group>";
		};
/* End PBXGroup section */

/* Begin PBXNativeTarget section */
		47BBED462ECD7B4A00DB258D /* BarberShop */ = {
			isa = PBXNativeTarget;
			buildConfigurationList = 47BBED522ECD7B4D00DB258D /* Build configuration list for PBXNativeTarget "BarberShop" */;
			buildPhases = (
				47BBED432ECD7B4A00DB258D /* Sources */,
				47BBED442ECD7B4A00DB258D /* Frameworks */,
				47BBED452ECD7B4A00DB258D /* Resources */,
			);
			buildRules = (
			);
			dependencies = (
			);
			fileSystemSynchronizedGroups = (
				47BB09F32F385B2E006C9AA3 /* testUITests */,
				47BB09F42F385B69006C9AA3 /* testTests */,
				47BBED492ECD7B4A00DB258D /* BarberShop */,
			);
			name = BarberShop;
			packageProductDependencies = (
				47BBED592ECD7DD600DB258D /* Auth */,
				47BBED5B2ECD7DD600DB258D /* Functions */,
				47BBED5D2ECD7DD600DB258D /* PostgREST */,
				47BBED5F2ECD7DD600DB258D /* Realtime */,
				47BBED612ECD7DD600DB258D /* Storage */,
				47BBED632ECD7DD600DB258D /* Supabase */,
			);
			productName = BarberShop;
			productReference = 47BBED472ECD7B4A00DB258D /* BarberShop.app */;
			productType = "com.apple.product-type.application";
		};
/* End PBXNativeTarget section */

/* Begin PBXProject section */
		47BBED3F2ECD7B4A00DB258D /* Project object */ = {
			isa = PBXProject;
			attributes = {
				BuildIndependentTargetsInParallel = 1;
				LastSwiftUpdateCheck = 2600;
				LastUpgradeCheck = 2600;
				TargetAttributes = {
					47BBED462ECD7B4A00DB258D = {
						CreatedOnToolsVersion = 26.0.1;
					};
				};
			};
			buildConfigurationList = 47BBED422ECD7B4A00DB258D /* Build configuration list for PBXProject "BarberShop" */;
			developmentRegion = en;
			hasScannedForEncodings = 0;
			knownRegions = (
				en,
				Base,
			);
			mainGroup = 47BBED3E2ECD7B4A00DB258D;
			minimizedProjectReferenceProxies = 1;
			packageReferences = (
				47BBED582ECD7DD600DB258D /* XCRemoteSwiftPackageReference "supabase-swift" */,
			);
			preferredProjectObjectVersion = 77;
			productRefGroup = 47BBED482ECD7B4A00DB258D /* Products */;
			projectDirPath = "";
			projectRoot = "";
			targets = (
				47BBED462ECD7B4A00DB258D /* BarberShop */,
			);
		};
/* End PBXProject section */

/* Begin PBXResourcesBuildPhase section */
		47BBED452ECD7B4A00DB258D /* Resources */ = {
			isa = PBXResourcesBuildPhase;
			buildActionMask = 2147483647;
			files = (
			);
			runOnlyForDeploymentPostprocessing = 0;
		};
/* End PBXResourcesBuildPhase section */

/* Begin PBXSourcesBuildPhase section */
		47BBED432ECD7B4A00DB258D /* Sources */ = {
			isa = PBXSourcesBuildPhase;
			buildActionMask = 2147483647;
			files = (
			);
			runOnlyForDeploymentPostprocessing = 0;
		};
/* End PBXSourcesBuildPhase section */

/* Begin XCBuildConfiguration section */
		47BBED502ECD7B4D00DB258D /* Debug */ = {
			isa = XCBuildConfiguration;
			buildSettings = {
				ALWAYS_SEARCH_USER_PATHS = NO;
				ASSETCATALOG_COMPILER_GENERATE_SWIFT_ASSET_SYMBOL_EXTENSIONS = YES;
				CLANG_ANALYZER_NONNULL = YES;
				CLANG_ANALYZER_NUMBER_OBJECT_CONVERSION = YES_AGGRESSIVE;
				CLANG_CXX_LANGUAGE_STANDARD = "gnu++20";
				CLANG_ENABLE_MODULES = YES;
				CLANG_ENABLE_OBJC_ARC = YES;
				CLANG_ENABLE_OBJC_WEAK = YES;
				CLANG_WARN_BLOCK_CAPTURE_AUTORELEASING = YES;
				CLANG_WARN_BOOL_CONVERSION = YES;
				CLANG_WARN_COMMA = YES;
				CLANG_WARN_CONSTANT_CONVERSION = YES;
				CLANG_WARN_DEPRECATED_OBJC_IMPLEMENTATIONS = YES;
				CLANG_WARN_DIRECT_OBJC_ISA_USAGE = YES_ERROR;
				CLANG_WARN_DOCUMENTATION_COMMENTS = YES;
				CLANG_WARN_EMPTY_BODY = YES;
				CLANG_WARN_ENUM_CONVERSION = YES;
				CLANG_WARN_INFINITE_RECURSION = YES;
				CLANG_WARN_INT_CONVERSION = YES;
				CLANG_WARN_NON_LITERAL_NULL_CONVERSION = YES;
				CLANG_WARN_OBJC_IMPLICIT_RETAIN_SELF = YES;
				CLANG_WARN_OBJC_LITERAL_CONVERSION = YES;
				CLANG_WARN_OBJC_ROOT_CLASS = YES_ERROR;
				CLANG_WARN_QUOTED_INCLUDE_IN_FRAMEWORK_HEADER = YES;
				CLANG_WARN_RANGE_LOOP_ANALYSIS = YES;
				CLANG_WARN_STRICT_PROTOTYPES = YES;
				CLANG_WARN_SUSPICIOUS_MOVE = YES;
				CLANG_WARN_UNGUARDED_AVAILABILITY = YES_AGGRESSIVE;
				CLANG_WARN_UNREACHABLE_CODE = YES;
				CLANG_WARN__DUPLICATE_METHOD_MATCH = YES;
				COPY_PHASE_STRIP = NO;
				DEBUG_INFORMATION_FORMAT = dwarf;
				ENABLE_STRICT_OBJC_MSGSEND = YES;
				ENABLE_TESTABILITY = YES;
				ENABLE_USER_SCRIPT_SANDBOXING = YES;
				GCC_C_LANGUAGE_STANDARD = gnu17;
				GCC_DYNAMIC_NO_PIC = NO;
				GCC_NO_COMMON_BLOCKS = YES;
				GCC_OPTIMIZATION_LEVEL = 0;
				GCC_PREPROCESSOR_DEFINITIONS = (
					"DEBUG=1",
					"$(inherited)",
				);
				GCC_WARN_64_TO_32_BIT_CONVERSION = YES;
				GCC_WARN_ABOUT_RETURN_TYPE = YES_ERROR;
				GCC_WARN_UNDECLARED_SELECTOR = YES;
				GCC_WARN_UNINITIALIZED_AUTOS = YES_AGGRESSIVE;
				GCC_WARN_UNUSED_FUNCTION = YES;
				GCC_WARN_UNUSED_VARIABLE = YES;
				IPHONEOS_DEPLOYMENT_TARGET = 26.0;
				LOCALIZATION_PREFERS_STRING_CATALOGS = YES;
				MTL_ENABLE_DEBUG_INFO = INCLUDE_SOURCE;
				MTL_FAST_MATH = YES;
				ONLY_ACTIVE_ARCH = YES;
				SDKROOT = iphoneos;
				SWIFT_ACTIVE_COMPILATION_CONDITIONS = "DEBUG $(inherited)";
				SWIFT_OPTIMIZATION_LEVEL = "-Onone";
			};
			name = Debug;
		};
		47BBED512ECD7B4D00DB258D /* Release */ = {
			isa = XCBuildConfiguration;
			buildSettings = {
				ALWAYS_SEARCH_USER_PATHS = NO;
				ASSETCATALOG_COMPILER_GENERATE_SWIFT_ASSET_SYMBOL_EXTENSIONS = YES;
				CLANG_ANALYZER_NONNULL = YES;
				CLANG_ANALYZER_NUMBER_OBJECT_CONVERSION = YES_AGGRESSIVE;
				CLANG_CXX_LANGUAGE_STANDARD = "gnu++20";
				CLANG_ENABLE_MODULES = YES;
				CLANG_ENABLE_OBJC_ARC = YES;
				CLANG_ENABLE_OBJC_WEAK = YES;
				CLANG_WARN_BLOCK_CAPTURE_AUTORELEASING = YES;
				CLANG_WARN_BOOL_CONVERSION = YES;
				CLANG_WARN_COMMA = YES;
				CLANG_WARN_CONSTANT_CONVERSION = YES;
				CLANG_WARN_DEPRECATED_OBJC_IMPLEMENTATIONS = YES;
				CLANG_WARN_DIRECT_OBJC_ISA_USAGE = YES_ERROR;
				CLANG_WARN_DOCUMENTATION_COMMENTS = YES;
				CLANG_WARN_EMPTY_BODY = YES;
				CLANG_WARN_ENUM_CONVERSION = YES;
				CLANG_WARN_INFINITE_RECURSION = YES;
				CLANG_WARN_INT_CONVERSION = YES;
				CLANG_WARN_NON_LITERAL_NULL_CONVERSION = YES;
				CLANG_WARN_OBJC_IMPLICIT_RETAIN_SELF = YES;
				CLANG_WARN_OBJC_LITERAL_CONVERSION = YES;
				CLANG_WARN_OBJC_ROOT_CLASS = YES_ERROR;
				CLANG_WARN_QUOTED_INCLUDE_IN_FRAMEWORK_HEADER = YES;
				CLANG_WARN_RANGE_LOOP_ANALYSIS = YES;
				CLANG_WARN_STRICT_PROTOTYPES = YES;
				CLANG_WARN_SUSPICIOUS_MOVE = YES;
				CLANG_WARN_UNGUARDED_AVAILABILITY = YES_AGGRESSIVE;
				CLANG_WARN_UNREACHABLE_CODE = YES;
				CLANG_WARN__DUPLICATE_METHOD_MATCH = YES;
				COPY_PHASE_STRIP = NO;
				DEBUG_INFORMATION_FORMAT = "dwarf-with-dsym";
				ENABLE_NS_ASSERTIONS = NO;
				ENABLE_STRICT_OBJC_MSGSEND = YES;
				ENABLE_USER_SCRIPT_SANDBOXING = YES;
				GCC_C_LANGUAGE_STANDARD = gnu17;
				GCC_NO_COMMON_BLOCKS = YES;
				GCC_WARN_64_TO_32_BIT_CONVERSION = YES;
				GCC_WARN_ABOUT_RETURN_TYPE = YES_ERROR;
				GCC_WARN_UNDECLARED_SELECTOR = YES;
				GCC_WARN_UNINITIALIZED_AUTOS = YES_AGGRESSIVE;
				GCC_WARN_UNUSED_FUNCTION = YES;
				GCC_WARN_UNUSED_VARIABLE = YES;
				IPHONEOS_DEPLOYMENT_TARGET = 26.0;
				LOCALIZATION_PREFERS_STRING_CATALOGS = YES;
				MTL_ENABLE_DEBUG_INFO = NO;
				MTL_FAST_MATH = YES;
				SDKROOT = iphoneos;
				SWIFT_COMPILATION_MODE = wholemodule;
				VALIDATE_PRODUCT = YES;
			};
			name = Release;
		};
		47BBED532ECD7B4D00DB258D /* Debug */ = {
			isa = XCBuildConfiguration;
			buildSettings = {
				ASSETCATALOG_COMPILER_APPICON_NAME = AppIcon;
				ASSETCATALOG_COMPILER_GLOBAL_ACCENT_COLOR_NAME = AccentColor;
				CODE_SIGN_IDENTITY = "Apple Development";
				CODE_SIGN_STYLE = Automatic;
				CURRENT_PROJECT_VERSION = 1;
				DEVELOPMENT_TEAM = QQN744PR38;
				ENABLE_PREVIEWS = YES;
				GENERATE_INFOPLIST_FILE = YES;
				INFOPLIST_FILE = BarberShop/Info.plist;
				INFOPLIST_KEY_CFBundleDisplayName = BarberShop;
				INFOPLIST_KEY_ITSAppUsesNonExemptEncryption = NO;
				INFOPLIST_KEY_NSCalendarsUsageDescription = "Queremos agregar tus citas a tu calendario para que no las olvides.";
				INFOPLIST_KEY_NSCameraUsageDescription = "Necesitamos acceso a tu cámara para que puedas tomar fotos de perfil y compartir referencias de cortes con tu barbero.";
				INFOPLIST_KEY_NSContactsUsageDescription = "Accede a tus contactos para invitar amigos a usar la app y obtener recompensas.";
				INFOPLIST_KEY_NSFaceIDUsageDescription = "Usa Face ID para acceder rápidamente y de forma segura a tu cuenta.";
				INFOPLIST_KEY_NSLocationAlwaysAndWhenInUseUsageDescription = "Necesitamos tu ubicación para enviarte recordatorios de citas cuando estés cerca de la barbería y mostrarte las sucursales más cercanas.";
				INFOPLIST_KEY_NSLocationAlwaysUsageDescription = "Permitir acceso a tu ubicación nos ayuda a enviarte notificaciones relevantes sobre tus citas.";
				INFOPLIST_KEY_NSLocationWhenInUseUsageDescription = "Necesitamos tu ubicación para mostrarte las barberías más cercanas y brindarte un mejor servicio personalizado.";
				INFOPLIST_KEY_NSPhotoLibraryAddUsageDescription = "Queremos guardar tus fotos de antes y después de tu corte en tu galería.";
				INFOPLIST_KEY_NSPhotoLibraryUsageDescription = "Necesitamos acceso a tus fotos para que puedas seleccionar imágenes de perfil y referencias de estilos de corte.";
				INFOPLIST_KEY_NSRemindersUsageDescription = "Crear recordatorios automáticos de tus próximas citas.";
				INFOPLIST_KEY_NSSupportsLiveActivities = YES;
				INFOPLIST_KEY_UIApplicationSupportsIndirectInputEvents = YES;
				INFOPLIST_KEY_UIRequiredDeviceCapabilities = arm64;
				INFOPLIST_KEY_UIStatusBarStyle = UIStatusBarStyleDefault;
				INFOPLIST_KEY_UISupportedInterfaceOrientations = "UIInterfaceOrientationPortrait UIInterfaceOrientationPortraitUpsideDown";
				INFOPLIST_KEY_UISupportedInterfaceOrientations_iPad = "UIInterfaceOrientationPortrait UIInterfaceOrientationPortraitUpsideDown UIInterfaceOrientationLandscapeLeft UIInterfaceOrientationLandscapeRight";
				INFOPLIST_KEY_UISupportedInterfaceOrientations_iPhone = "UIInterfaceOrientationPortrait UIInterfaceOrientationLandscapeLeft UIInterfaceOrientationLandscapeRight";
				INFOPLIST_KEY_UISupportsDocumentBrowser = YES;
				INFOPLIST_KEY_UIUserInterfaceStyle = Automatic;
				LD_RUNPATH_SEARCH_PATHS = (
					"$(inherited)",
					"@executable_path/Frameworks",
				);
				MARKETING_VERSION = 1.0;
				PRODUCT_BUNDLE_IDENTIFIER = com.marceldiaz.BarberShop;
				PRODUCT_NAME = "$(TARGET_NAME)";
				PROVISIONING_PROFILE_SPECIFIER = "";
				STRING_CATALOG_GENERATE_SYMBOLS = YES;
				SWIFT_APPROACHABLE_CONCURRENCY = YES;
				SWIFT_DEFAULT_ACTOR_ISOLATION = MainActor;
				SWIFT_EMIT_LOC_STRINGS = YES;
				SWIFT_UPCOMING_FEATURE_MEMBER_IMPORT_VISIBILITY = YES;
				SWIFT_VERSION = 5.0;
				TARGETED_DEVICE_FAMILY = "1,2";
			};
			name = Debug;
		};
		47BBED542ECD7B4D00DB258D /* Release */ = {
			isa = XCBuildConfiguration;
			buildSettings = {
				ASSETCATALOG_COMPILER_APPICON_NAME = AppIcon;
				ASSETCATALOG_COMPILER_GLOBAL_ACCENT_COLOR_NAME = AccentColor;
				CODE_SIGN_IDENTITY = "Apple Development";
				CODE_SIGN_STYLE = Automatic;
				CURRENT_PROJECT_VERSION = 1;
				DEVELOPMENT_TEAM = QQN744PR38;
				ENABLE_PREVIEWS = YES;
				GENERATE_INFOPLIST_FILE = YES;
				INFOPLIST_FILE = BarberShop/Info.plist;
				INFOPLIST_KEY_CFBundleDisplayName = BarberShop;
				INFOPLIST_KEY_ITSAppUsesNonExemptEncryption = NO;
				INFOPLIST_KEY_NSCalendarsUsageDescription = "Queremos agregar tus citas a tu calendario para que no las olvides.";
				INFOPLIST_KEY_NSCameraUsageDescription = "Necesitamos acceso a tu cámara para que puedas tomar fotos de perfil y compartir referencias de cortes con tu barbero.";
				INFOPLIST_KEY_NSContactsUsageDescription = "Accede a tus contactos para invitar amigos a usar la app y obtener recompensas.";
				INFOPLIST_KEY_NSFaceIDUsageDescription = "Usa Face ID para acceder rápidamente y de forma segura a tu cuenta.";
				INFOPLIST_KEY_NSLocationAlwaysAndWhenInUseUsageDescription = "Necesitamos tu ubicación para enviarte recordatorios de citas cuando estés cerca de la barbería y mostrarte las sucursales más cercanas.";
				INFOPLIST_KEY_NSLocationAlwaysUsageDescription = "Permitir acceso a tu ubicación nos ayuda a enviarte notificaciones relevantes sobre tus citas.";
				INFOPLIST_KEY_NSLocationWhenInUseUsageDescription = "Necesitamos tu ubicación para mostrarte las barberías más cercanas y brindarte un mejor servicio personalizado.";
				INFOPLIST_KEY_NSPhotoLibraryAddUsageDescription = "Queremos guardar tus fotos de antes y después de tu corte en tu galería.";
				INFOPLIST_KEY_NSPhotoLibraryUsageDescription = "Necesitamos acceso a tus fotos para que puedas seleccionar imágenes de perfil y referencias de estilos de corte.";
				INFOPLIST_KEY_NSRemindersUsageDescription = "Crear recordatorios automáticos de tus próximas citas.";
				INFOPLIST_KEY_NSSupportsLiveActivities = YES;
				INFOPLIST_KEY_UIApplicationSupportsIndirectInputEvents = YES;
				INFOPLIST_KEY_UIRequiredDeviceCapabilities = arm64;
				INFOPLIST_KEY_UIStatusBarStyle = UIStatusBarStyleDefault;
				INFOPLIST_KEY_UISupportedInterfaceOrientations = "UIInterfaceOrientationPortrait UIInterfaceOrientationPortraitUpsideDown";
				INFOPLIST_KEY_UISupportedInterfaceOrientations_iPad = "UIInterfaceOrientationPortrait UIInterfaceOrientationPortraitUpsideDown UIInterfaceOrientationLandscapeLeft UIInterfaceOrientationLandscapeRight";
				INFOPLIST_KEY_UISupportedInterfaceOrientations_iPhone = "UIInterfaceOrientationPortrait UIInterfaceOrientationLandscapeLeft UIInterfaceOrientationLandscapeRight";
				INFOPLIST_KEY_UISupportsDocumentBrowser = YES;
				INFOPLIST_KEY_UIUserInterfaceStyle = Automatic;
				LD_RUNPATH_SEARCH_PATHS = (
					"$(inherited)",
					"@executable_path/Frameworks",
				);
				MARKETING_VERSION = 1.0;
				PRODUCT_BUNDLE_IDENTIFIER = com.marceldiaz.BarberShop;
				PRODUCT_NAME = "$(TARGET_NAME)";
				PROVISIONING_PROFILE_SPECIFIER = "";
				STRING_CATALOG_GENERATE_SYMBOLS = YES;
				SWIFT_APPROACHABLE_CONCURRENCY = YES;
				SWIFT_DEFAULT_ACTOR_ISOLATION = MainActor;
				SWIFT_EMIT_LOC_STRINGS = YES;
				SWIFT_UPCOMING_FEATURE_MEMBER_IMPORT_VISIBILITY = YES;
				SWIFT_VERSION = 5.0;
				TARGETED_DEVICE_FAMILY = "1,2";
			};
			name = Release;
		};
/* End XCBuildConfiguration section */

/* Begin XCConfigurationList section */
		47BBED422ECD7B4A00DB258D /* Build configuration list for PBXProject "BarberShop" */ = {
			isa = XCConfigurationList;
			buildConfigurations = (
				47BBED502ECD7B4D00DB258D /* Debug */,
				47BBED512ECD7B4D00DB258D /* Release */,
			);
			defaultConfigurationIsVisible = 0;
			defaultConfigurationName = Release;
		};
		47BBED522ECD7B4D00DB258D /* Build configuration list for PBXNativeTarget "BarberShop" */ = {
			isa = XCConfigurationList;
			buildConfigurations = (
				47BBED532ECD7B4D00DB258D /* Debug */,
				47BBED542ECD7B4D00DB258D /* Release */,
			);
			defaultConfigurationIsVisible = 0;
			defaultConfigurationName = Release;
		};
/* End XCConfigurationList section */

/* Begin XCRemoteSwiftPackageReference section */
		47BBED582ECD7DD600DB258D /* XCRemoteSwiftPackageReference "supabase-swift" */ = {
			isa = XCRemoteSwiftPackageReference;
			repositoryURL = "https://github.com/supabase/supabase-swift";
			requirement = {
				kind = upToNextMajorVersion;
				minimumVersion = 2.5.1;
			};
		};
/* End XCRemoteSwiftPackageReference section */

/* Begin XCSwiftPackageProductDependency section */
		47BBED592ECD7DD600DB258D /* Auth */ = {
			isa = XCSwiftPackageProductDependency;
			package = 47BBED582ECD7DD600DB258D /* XCRemoteSwiftPackageReference "supabase-swift" */;
			productName = Auth;
		};
		47BBED5B2ECD7DD600DB258D /* Functions */ = {
			isa = XCSwiftPackageProductDependency;
			package = 47BBED582ECD7DD600DB258D /* XCRemoteSwiftPackageReference "supabase-swift" */;
			productName = Functions;
		};
		47BBED5D2ECD7DD600DB258D /* PostgREST */ = {
			isa = XCSwiftPackageProductDependency;
			package = 47BBED582ECD7DD600DB258D /* XCRemoteSwiftPackageReference "supabase-swift" */;
			productName = PostgREST;
		};
		47BBED5F2ECD7DD600DB258D /* Realtime */ = {
			isa = XCSwiftPackageProductDependency;
			package = 47BBED582ECD7DD600DB258D /* XCRemoteSwiftPackageReference "supabase-swift" */;
			productName = Realtime;
		};
		47BBED612ECD7DD600DB258D /* Storage */ = {
			isa = XCSwiftPackageProductDependency;
			package = 47BBED582ECD7DD600DB258D /* XCRemoteSwiftPackageReference "supabase-swift" */;
			productName = Storage;
		};
		47BBED632ECD7DD600DB258D /* Supabase */ = {
			isa = XCSwiftPackageProductDependency;
			package = 47BBED582ECD7DD600DB258D /* XCRemoteSwiftPackageReference "supabase-swift" */;
			productName = Supabase;
		};
/* End XCSwiftPackageProductDependency section */
	};
	rootObject = 47BBED3F2ECD7B4A00DB258D /* Project object */;
}
